
Microsoft Visual Studio Solution File, Format Version 12.00
# Visual Studio Version 16
VisualStudioVersion = 16.0.29306.81
MinimumVisualStudioVersion = 10.0.40219.1
Project("{9A19103F-16F7-4668-BE54-9A1E7A4F7556}") = "InvoiceProgram", "AccountTest\InvoiceProgram.csproj", "{77D48594-BA34-43B5-9AAA-23F0C94BD1EF}"
EndProject
Global
	GlobalSection(SolutionConfigurationPlatforms) = preSolution
		Debug|Any CPU = Debug|Any CPU
		Release|Any CPU = Release|Any CPU
	EndGlobalSection
	GlobalSection(ProjectConfigurationPlatforms) = postSolution
		{77D48594-BA34-43B5-9AAA-23F0C94BD1EF}.Debug|Any CPU.ActiveCfg = Debug|Any CPU
		{77D48594-BA34-43B5-9AAA-23F0C94BD1EF}.Debug|Any CPU.Build.0 = Debug|Any CPU
		{77D48594-BA34-43B5-9AAA-23F0C94BD1EF}.Release|Any CPU.ActiveCfg = Release|Any CPU
		{77D48594-BA34-43B5-9AAA-23F0C94BD1EF}.Release|Any CPU.Build.0 = Release|Any CPU
	EndGlobalSection
	GlobalSection(SolutionProperties) = preSolution
		HideSolutionNode = FALSE
	EndGlobalSection
	GlobalSection(ExtensibilityGlobals) = postSolution
		SolutionGuid = {3A4ECFCE-E369-40E9-AD8F-7EEDB59AD23A}
	EndGlobalSection
EndGlobal
